
Microsoft Visual Studio Solution File, Format Version 12.00
# Visual Studio Version 16
VisualStudioVersion = 16.0.31410.357
MinimumVisualStudioVersion = 10.0.40219.1
Project("{9A19103F-16F7-4668-BE54-9A1E7A4F7556}") = "DeliveryAPI", "DeliveryAPI.csproj", "{A684FDE0-D5B6-47F1-81C5-4DB388BE5685}"
EndProject
Project("{FAE04EC0-301F-11D3-BF4B-00C04F79EFBC}") = "DeliveryAPITest", "..\DeliveryAPITest\DeliveryAPITest.csproj", "{D37AFA78-396E-49E2-9C20-13B47CF3BE84}"
EndProject
Global
	GlobalSection(SolutionConfigurationPlatforms) = preSolution
		Debug|Any CPU = Debug|Any CPU
		Release|Any CPU = Release|Any CPU
	EndGlobalSection
	GlobalSection(ProjectConfigurationPlatforms) = postSolution
		{A684FDE0-D5B6-47F1-81C5-4DB388BE5685}.Debug|Any CPU.ActiveCfg = Debug|Any CPU
		{A684FDE0-D5B6-47F1-81C5-4DB388BE5685}.Debug|Any CPU.Build.0 = Debug|Any CPU
		{A684FDE0-D5B6-47F1-81C5-4DB388BE5685}.Release|Any CPU.ActiveCfg = Release|Any CPU
		{A684FDE0-D5B6-47F1-81C5-4DB388BE5685}.Release|Any CPU.Build.0 = Release|Any CPU
		{D37AFA78-396E-49E2-9C20-13B47CF3BE84}.Debug|Any CPU.ActiveCfg = Debug|Any CPU
		{D37AFA78-396E-49E2-9C20-13B47CF3BE84}.Debug|Any CPU.Build.0 = Debug|Any CPU
		{D37AFA78-396E-49E2-9C20-13B47CF3BE84}.Release|Any CPU.ActiveCfg = Release|Any CPU
		{D37AFA78-396E-49E2-9C20-13B47CF3BE84}.Release|Any CPU.Build.0 = Release|Any CPU
	EndGlobalSection
	GlobalSection(SolutionProperties) = preSolution
		HideSolutionNode = FALSE
	EndGlobalSection
	GlobalSection(ExtensibilityGlobals) = postSolution
		SolutionGuid = {78165ED2-4307-4EBE-B442-80B1546400DB}
	EndGlobalSection
EndGlobal
